
Microsoft Visual Studio Solution File, Format Version 12.00
# Visual Studio Version 17
VisualStudioVersion = 17.9.34723.18
MinimumVisualStudioVersion = 10.0.40219.1
Project("{FAE04EC0-301F-11D3-BF4B-00C04F79EFBC}") = "HelloWorldConsoleApp1", "HelloWorldConsoleApp1\HelloWorldConsoleApp1.csproj", "{82441CFE-B518-43B9-8A46-5FED7FDDE9B7}"
EndProject
Project("{FAE04EC0-301F-11D3-BF4B-00C04F79EFBC}") = "HelloWorldTyConsoleApp1", "HelloWorldTyConsoleApp1\HelloWorldTyConsoleApp1.csproj", "{4F1B7FBE-8FBA-4FA6-B82C-A09FDDF2EBF5}"
EndProject
Global
	GlobalSection(SolutionConfigurationPlatforms) = preSolution
		Debug|Any CPU = Debug|Any CPU
		Release|Any CPU = Release|Any CPU
	EndGlobalSection
	GlobalSection(ProjectConfigurationPlatforms) = postSolution
		{82441CFE-B518-43B9-8A46-5FED7FDDE9B7}.Debug|Any CPU.ActiveCfg = Debug|Any CPU
		{82441CFE-B518-43B9-8A46-5FED7FDDE9B7}.Debug|Any CPU.Build.0 = Debug|Any CPU
		{82441CFE-B518-43B9-8A46-5FED7FDDE9B7}.Release|Any CPU.ActiveCfg = Release|Any CPU
		{82441CFE-B518-43B9-8A46-5FED7FDDE9B7}.Release|Any CPU.Build.0 = Release|Any CPU
		{4F1B7FBE-8FBA-4FA6-B82C-A09FDDF2EBF5}.Debug|Any CPU.ActiveCfg = Debug|Any CPU
		{4F1B7FBE-8FBA-4FA6-B82C-A09FDDF2EBF5}.Debug|Any CPU.Build.0 = Debug|Any CPU
		{4F1B7FBE-8FBA-4FA6-B82C-A09FDDF2EBF5}.Release|Any CPU.ActiveCfg = Release|Any CPU
		{4F1B7FBE-8FBA-4FA6-B82C-A09FDDF2EBF5}.Release|Any CPU.Build.0 = Release|Any CPU
	EndGlobalSection
	GlobalSection(SolutionProperties) = preSolution
		HideSolutionNode = FALSE
	EndGlobalSection
	GlobalSection(ExtensibilityGlobals) = postSolution
		SolutionGuid = {D0F607F7-095D-4A95-A7F7-B60158966012}
	EndGlobalSection
EndGlobal
